
Microsoft Visual Studio Solution File, Format Version 12.00
# Visual Studio Version 17
VisualStudioVersion = 17.5.33414.496
MinimumVisualStudioVersion = 10.0.40219.1
Project("{9A19103F-16F7-4668-BE54-9A1E7A4F7556}") = "TapChef Backend", "TapChef Backend.csproj", "{863E79B5-78A6-45E2-836D-258D147520BB}"
EndProject
Project("{FAE04EC0-301F-11D3-BF4B-00C04F79EFBC}") = "TapChef BackendTests", "..\TapChef BackendTests\TapChef BackendTests.csproj", "{8F774B4A-738E-4E00-9B06-9A34B53091C9}"
EndProject
Global
	GlobalSection(SolutionConfigurationPlatforms) = preSolution
		Debug|Any CPU = Debug|Any CPU
		Release|Any CPU = Release|Any CPU
	EndGlobalSection
	GlobalSection(ProjectConfigurationPlatforms) = postSolution
		{863E79B5-78A6-45E2-836D-258D147520BB}.Debug|Any CPU.ActiveCfg = Debug|Any CPU
		{863E79B5-78A6-45E2-836D-258D147520BB}.Debug|Any CPU.Build.0 = Debug|Any CPU
		{863E79B5-78A6-45E2-836D-258D147520BB}.Release|Any CPU.ActiveCfg = Release|Any CPU
		{863E79B5-78A6-45E2-836D-258D147520BB}.Release|Any CPU.Build.0 = Release|Any CPU
		{8F774B4A-738E-4E00-9B06-9A34B53091C9}.Debug|Any CPU.ActiveCfg = Debug|Any CPU
		{8F774B4A-738E-4E00-9B06-9A34B53091C9}.Debug|Any CPU.Build.0 = Debug|Any CPU
		{8F774B4A-738E-4E00-9B06-9A34B53091C9}.Release|Any CPU.ActiveCfg = Release|Any CPU
		{8F774B4A-738E-4E00-9B06-9A34B53091C9}.Release|Any CPU.Build.0 = Release|Any CPU
	EndGlobalSection
	GlobalSection(SolutionProperties) = preSolution
		HideSolutionNode = FALSE
	EndGlobalSection
	GlobalSection(ExtensibilityGlobals) = postSolution
		SolutionGuid = {3A00C8C6-C9D0-481D-9BAC-0D7B4D422D9F}
	EndGlobalSection
EndGlobal
